
Microsoft Visual Studio Solution File, Format Version 12.00
# Visual Studio Version 17
VisualStudioVersion = 17.11.35303.130
MinimumVisualStudioVersion = 10.0.40219.1
Project("{FAE04EC0-301F-11D3-BF4B-00C04F79EFBC}") = "1_Practik", "1_Practik.csproj", "{FDBFF072-68B0-474B-9889-71092CE15648}"
EndProject
Global
	GlobalSection(SolutionConfigurationPlatforms) = preSolution
		Debug|Any CPU = Debug|Any CPU
		Release|Any CPU = Release|Any CPU
	EndGlobalSection
	GlobalSection(ProjectConfigurationPlatforms) = postSolution
		{FDBFF072-68B0-474B-9889-71092CE15648}.Debug|Any CPU.ActiveCfg = Debug|Any CPU
		{FDBFF072-68B0-474B-9889-71092CE15648}.Debug|Any CPU.Build.0 = Debug|Any CPU
		{FDBFF072-68B0-474B-9889-71092CE15648}.Release|Any CPU.ActiveCfg = Release|Any CPU
		{FDBFF072-68B0-474B-9889-71092CE15648}.Release|Any CPU.Build.0 = Release|Any CPU
	EndGlobalSection
	GlobalSection(SolutionProperties) = preSolution
		HideSolutionNode = FALSE
	EndGlobalSection
	GlobalSection(ExtensibilityGlobals) = postSolution
		SolutionGuid = {7DB02751-A6E4-4796-9D7C-BBE36C3E6C6C}
	EndGlobalSection
EndGlobal
